// !$*UTF8*$!
{
	archiveVersion = 1;
	classes = {
	};
	objectVersion = 51;
	objects = {

/* Begin PBXBuildFile section */
		76D610E9794F8A72DC690E8D /* Pods_PokemonClassifer.framework in Frameworks */ = {isa = PBXBuildFile; fileRef = BDAF478D7EACEAFB2C6E890D /* Pods_PokemonClassifer.framework */; };
		897E10CD23B5CB9A00981A18 /* AppDelegate.swift in Sources */ = {isa = PBXBuildFile; fileRef = 897E10CC23B5CB9A00981A18 /* AppDelegate.swift */; };
		897E10CF23B5CB9A00981A18 /* SceneDelegate.swift in Sources */ = {isa = PBXBuildFile; fileRef = 897E10CE23B5CB9A00981A18 /* SceneDelegate.swift */; };
		897E10D123B5CB9A00981A18 /* ViewController.swift in Sources */ = {isa = PBXBuildFile; fileRef = 897E10D023B5CB9A00981A18 /* ViewController.swift */; };
		897E10D423B5CB9A00981A18 /* Main.storyboard in Resources */ = {isa = PBXBuildFile; fileRef = 897E10D223B5CB9A00981A18 /* Main.storyboard */; };
		897E10D623B5CB9B00981A18 /* Assets.xcassets in Resources */ = {isa = PBXBuildFile; fileRef = 897E10D523B5CB9B00981A18 /* Assets.xcassets */; };
		897E10D923B5CB9B00981A18 /* LaunchScreen.storyboard in Resources */ = {isa = PBXBuildFile; fileRef = 897E10D723B5CB9B00981A18 /* LaunchScreen.storyboard */; };
		897E10E223B5CBAC00981A18 /* PokemonClassifier.mlmodel in Sources */ = {isa = PBXBuildFile; fileRef = 897E10E123B5CBAC00981A18 /* PokemonClassifier.mlmodel */; };
/* End PBXBuildFile section */

/* Begin PBXFileReference section */
		0825A91685D3D9F48D19E734 /* Pods-PokemonClassifer.release.xcconfig */ = {isa = PBXFileReference; includeInIndex = 1; lastKnownFileType = text.xcconfig; name = "Pods-PokemonClassifer.release.xcconfig"; path = "Target Support Files/Pods-PokemonClassifer/Pods-PokemonClassifer.release.xcconfig"; sourceTree = "<group>"; };
		897E10C923B5CB9A00981A18 /* PokemonClassifer.app */ = {isa = PBXFileReference; explicitFileType = wrapper.application; includeInIndex = 0; path = PokemonClassifer.app; sourceTree = BUILT_PRODUCTS_DIR; };
		897E10CC23B5CB9A00981A18 /* AppDelegate.swift */ = {isa = PBXFileReference; lastKnownFileType = sourcecode.swift; path = AppDelegate.swift; sourceTree = "<group>"; };
		897E10CE23B5CB9A00981A18 /* SceneDelegate.swift */ = {isa = PBXFileReference; lastKnownFileType = sourcecode.swift; path = SceneDelegate.swift; sourceTree = "<group>"; };
		897E10D023B5CB9A00981A18 /* ViewController.swift */ = {isa = PBXFileReference; lastKnownFileType = sourcecode.swift; path = ViewController.swift; sourceTree = "<group>"; };
		897E10D323B5CB9A00981A18 /* Base */ = {isa = PBXFileReference; lastKnownFileType = file.storyboard; name = Base; path = Base.lproj/Main.storyboard; sourceTree = "<group>"; };
		897E10D523B5CB9B00981A18 /* Assets.xcassets */ = {isa = PBXFileReference; lastKnownFileType = folder.assetcatalog; path = Assets.xcassets; sourceTree = "<group>"; };
		897E10D823B5CB9B00981A18 /* Base */ = {isa = PBXFileReference; lastKnownFileType = file.storyboard; name = Base; path = Base.lproj/LaunchScreen.storyboard; sourceTree = "<group>"; };
		897E10DA23B5CB9B00981A18 /* Info.plist */ = {isa = PBXFileReference; lastKnownFileType = text.plist.xml; path = Info.plist; sourceTree = "<group>"; };
		897E10E023B5CBA000981A18 /* PokemonClassifer.entitlements */ = {isa = PBXFileReference; lastKnownFileType = text.plist.entitlements; path = PokemonClassifer.entitlements; sourceTree = "<group>"; };
		897E10E123B5CBAC00981A18 /* PokemonClassifier.mlmodel */ = {isa = PBXFileReference; lastKnownFileType = file.mlmodel; path = PokemonClassifier.mlmodel; sourceTree = "<group>"; };
		BDAF478D7EACEAFB2C6E890D /* Pods_PokemonClassifer.framework */ = {isa = PBXFileReference; explicitFileType = wrapper.framework; includeInIndex = 0; path = Pods_PokemonClassifer.framework; sourceTree = BUILT_PRODUCTS_DIR; };
		E76BE5EFBACAA7FC8502C944 /* Pods-PokemonClassifer.debug.xcconfig */ = {isa = PBXFileReference; includeInIndex = 1; lastKnownFileType = text.xcconfig; name = "Pods-PokemonClassifer.debug.xcconfig"; path = "Target Support Files/Pods-PokemonClassifer/Pods-PokemonClassifer.debug.xcconfig"; sourceTree = "<group>"; };
/* End PBXFileReference section */

/* Begin PBXFrameworksBuildPhase section */
		897E10C623B5CB9A00981A18 /* Frameworks */ = {
			isa = PBXFrameworksBuildPhase;
			buildActionMask = 2147483647;
			files = (
				76D610E9794F8A72DC690E8D /* Pods_PokemonClassifer.framework in Frameworks */,
			);
			runOnlyForDeploymentPostprocessing = 0;
		};
/* End PBXFrameworksBuildPhase section */

/* Begin PBXGroup section */
		897E10C023B5CB9A00981A18 = {
			isa = PBXGroup;
			children = (
				897E10CB23B5CB9A00981A18 /* PokemonClassifer */,
				897E10CA23B5CB9A00981A18 /* Products */,
				D16909289829DE27807CC68E /* Pods */,
				A499AE2C5C1805F0043E89D2 /* Frameworks */,
			);
			sourceTree = "<group>";
		};
		897E10CA23B5CB9A00981A18 /* Products */ = {
			isa = PBXGroup;
			children = (
				897E10C923B5CB9A00981A18 /* PokemonClassifer.app */,
			);
			name = Products;
			sourceTree = "<group>";
		};
		897E10CB23B5CB9A00981A18 /* PokemonClassifer */ = {
			isa = PBXGroup;
			children = (
				897E10E023B5CBA000981A18 /* PokemonClassifer.entitlements */,
				897E10CC23B5CB9A00981A18 /* AppDelegate.swift */,
				897E10CE23B5CB9A00981A18 /* SceneDelegate.swift */,
				897E10D023B5CB9A00981A18 /* ViewController.swift */,
				897E10D223B5CB9A00981A18 /* Main.storyboard */,
				897E10D523B5CB9B00981A18 /* Assets.xcassets */,
				897E10D723B5CB9B00981A18 /* LaunchScreen.storyboard */,
				897E10DA23B5CB9B00981A18 /* Info.plist */,
				897E10E123B5CBAC00981A18 /* PokemonClassifier.mlmodel */,
			);
			path = PokemonClassifer;
			sourceTree = "<group>";
		};
		A499AE2C5C1805F0043E89D2 /* Frameworks */ = {
			isa = PBXGroup;
			children = (
				BDAF478D7EACEAFB2C6E890D /* Pods_PokemonClassifer.framework */,
			);
			name = Frameworks;
			sourceTree = "<group>";
		};
		D16909289829DE27807CC68E /* Pods */ = {
			isa = PBXGroup;
			children = (
				E76BE5EFBACAA7FC8502C944 /* Pods-PokemonClassifer.debug.xcconfig */,
				0825A91685D3D9F48D19E734 /* Pods-PokemonClassifer.release.xcconfig */,
			);
			path = Pods;
			sourceTree = "<group>";
		};
/* End PBXGroup section */

/* Begin PBXNativeTarget section */
		897E10C823B5CB9A00981A18 /* PokemonClassifer */ = {
			isa = PBXNativeTarget;
			buildConfigurationList = 897E10DD23B5CB9B00981A18 /* Build configuration list for PBXNativeTarget "PokemonClassifer" */;
			buildPhases = (
				379619C94E8694EF4AF7402F /* [CP] Check Pods Manifest.lock */,
				897E10C523B5CB9A00981A18 /* Sources */,
				897E10C623B5CB9A00981A18 /* Frameworks */,
				897E10C723B5CB9A00981A18 /* Resources */,
				B42165D262F3D15F9004979D /* [CP] Embed Pods Frameworks */,
			);
			buildRules = (
			);
			dependencies = (
			);
			name = PokemonClassifer;
			productName = PokemonClassifer;
			productReference = 897E10C923B5CB9A00981A18 /* PokemonClassifer.app */;
			productType = "com.apple.product-type.application";
		};
/* End PBXNativeTarget section */

/* Begin PBXProject section */
		897E10C123B5CB9A00981A18 /* Project object */ = {
			isa = PBXProject;
			attributes = {
				LastSwiftUpdateCheck = 1130;
				LastUpgradeCheck = 1130;
				ORGANIZATIONNAME = "Joshua Yang";
				TargetAttributes = {
					897E10C823B5CB9A00981A18 = {
						CreatedOnToolsVersion = 11.3;
					};
				};
			};
			buildConfigurationList = 897E10C423B5CB9A00981A18 /* Build configuration list for PBXProject "PokemonClassifer" */;
			compatibilityVersion = "Xcode 9.3";
			developmentRegion = en;
			hasScannedForEncodings = 0;
			knownRegions = (
				en,
				Base,
			);
			mainGroup = 897E10C023B5CB9A00981A18;
			productRefGroup = 897E10CA23B5CB9A00981A18 /* Products */;
			projectDirPath = "";
			projectRoot = "";
			targets = (
				897E10C823B5CB9A00981A18 /* PokemonClassifer */,
			);
		};
/* End PBXProject section */

/* Begin PBXResourcesBuildPhase section */
		897E10C723B5CB9A00981A18 /* Resources */ = {
			isa = PBXResourcesBuildPhase;
			buildActionMask = 2147483647;
			files = (
				897E10D923B5CB9B00981A18 /* LaunchScreen.storyboard in Resources */,
				897E10D623B5CB9B00981A18 /* Assets.xcassets in Resources */,
				897E10D423B5CB9A00981A18 /* Main.storyboard in Resources */,
			);
			runOnlyForDeploymentPostprocessing = 0;
		};
/* End PBXResourcesBuildPhase section */

/* Begin PBXShellScriptBuildPhase section */
		379619C94E8694EF4AF7402F /* [CP] Check Pods Manifest.lock */ = {
			isa = PBXShellScriptBuildPhase;
			buildActionMask = 2147483647;
			files = (
			);
			inputFileListPaths = (
			);
			inputPaths = (
				"${PODS_PODFILE_DIR_PATH}/Podfile.lock",
				"${PODS_ROOT}/Manifest.lock",
			);
			name = "[CP] Check Pods Manifest.lock";
			outputFileListPaths = (
			);
			outputPaths = (
				"$(DERIVED_FILE_DIR)/Pods-PokemonClassifer-checkManifestLockResult.txt",
			);
			runOnlyForDeploymentPostprocessing = 0;
			shellPath = /bin/sh;
			shellScript = "diff \"${PODS_PODFILE_DIR_PATH}/Podfile.lock\" \"${PODS_ROOT}/Manifest.lock\" > /dev/null\nif [ $? != 0 ] ; then\n    # print error to STDERR\n    echo \"error: The sandbox is not in sync with the Podfile.lock. Run 'pod install' or update your CocoaPods installation.\" >&2\n    exit 1\nfi\n# This output is used by Xcode 'outputs' to avoid re-running this script phase.\necho \"SUCCESS\" > \"${SCRIPT_OUTPUT_FILE_0}\"\n";
			showEnvVarsInLog = 0;
		};
		B42165D262F3D15F9004979D /* [CP] Embed Pods Frameworks */ = {
			isa = PBXShellScriptBuildPhase;
			buildActionMask = 2147483647;
			files = (
			);
			inputFileListPaths = (
				"${PODS_ROOT}/Target Support Files/Pods-PokemonClassifer/Pods-PokemonClassifer-frameworks-${CONFIGURATION}-input-files.xcfilelist",
			);
			name = "[CP] Embed Pods Frameworks";
			outputFileListPaths = (
				"${PODS_ROOT}/Target Support Files/Pods-PokemonClassifer/Pods-PokemonClassifer-frameworks-${CONFIGURATION}-output-files.xcfilelist",
			);
			runOnlyForDeploymentPostprocessing = 0;
			shellPath = /bin/sh;
			shellScript = "\"${PODS_ROOT}/Target Support Files/Pods-PokemonClassifer/Pods-PokemonClassifer-frameworks.sh\"\n";
			showEnvVarsInLog = 0;
		};
/* End PBXShellScriptBuildPhase section */

/* Begin PBXSourcesBuildPhase section */
		897E10C523B5CB9A00981A18 /* Sources */ = {
			isa = PBXSourcesBuildPhase;
			buildActionMask = 2147483647;
			files = (
				897E10D123B5CB9A00981A18 /* ViewController.swift in Sources */,
				897E10CD23B5CB9A00981A18 /* AppDelegate.swift in Sources */,
				897E10CF23B5CB9A00981A18 /* SceneDelegate.swift in Sources */,
				897E10E223B5CBAC00981A18 /* PokemonClassifier.mlmodel in Sources */,
			);
			runOnlyForDeploymentPostprocessing = 0;
		};
/* End PBXSourcesBuildPhase section */

/* Begin PBXVariantGroup section */
		897E10D223B5CB9A00981A18 /* Main.storyboard */ = {
			isa = PBXVariantGroup;
			children = (
				897E10D323B5CB9A00981A18 /* Base */,
			);
			name = Main.storyboard;
			sourceTree = "<group>";
		};
		897E10D723B5CB9B00981A18 /* LaunchScreen.storyboard */ = {
			isa = PBXVariantGroup;
			children = (
				897E10D823B5CB9B00981A18 /* Base */,
			);
			name = LaunchScreen.storyboard;
			sourceTree = "<group>";
		};
/* End PBXVariantGroup section */

/* Begin XCBuildConfiguration section */
		897E10DB23B5CB9B00981A18 /* Debug */ = {
			isa = XCBuildConfiguration;
			buildSettings = {
				ALWAYS_SEARCH_USER_PATHS = NO;
				CLANG_ANALYZER_NONNULL = YES;
				CLANG_ANALYZER_NUMBER_OBJECT_CONVERSION = YES_AGGRESSIVE;
				CLANG_CXX_LANGUAGE_STANDARD = "gnu++14";
				CLANG_CXX_LIBRARY = "libc++";
				CLANG_ENABLE_MODULES = YES;
				CLANG_ENABLE_OBJC_ARC = YES;
				CLANG_ENABLE_OBJC_WEAK = YES;
				CLANG_WARN_BLOCK_CAPTURE_AUTORELEASING = YES;
				CLANG_WARN_BOOL_CONVERSION = YES;
				CLANG_WARN_COMMA = YES;
				CLANG_WARN_CONSTANT_CONVERSION = YES;
				CLANG_WARN_DEPRECATED_OBJC_IMPLEMENTATIONS = YES;
				CLANG_WARN_DIRECT_OBJC_ISA_USAGE = YES_ERROR;
				CLANG_WARN_DOCUMENTATION_COMMENTS = YES;
				CLANG_WARN_EMPTY_BODY = YES;
				CLANG_WARN_ENUM_CONVERSION = YES;
				CLANG_WARN_INFINITE_RECURSION = YES;
				CLANG_WARN_INT_CONVERSION = YES;
				CLANG_WARN_NON_LITERAL_NULL_CONVERSION = YES;
				CLANG_WARN_OBJC_IMPLICIT_RETAIN_SELF = YES;
				CLANG_WARN_OBJC_LITERAL_CONVERSION = YES;
				CLANG_WARN_OBJC_ROOT_CLASS = YES_ERROR;
				CLANG_WARN_RANGE_LOOP_ANALYSIS = YES;
				CLANG_WARN_STRICT_PROTOTYPES = YES;
				CLANG_WARN_SUSPICIOUS_MOVE = YES;
				CLANG_WARN_UNGUARDED_AVAILABILITY = YES_AGGRESSIVE;
				CLANG_WARN_UNREACHABLE_CODE = YES;
				CLANG_WARN__DUPLICATE_METHOD_MATCH = YES;
				COPY_PHASE_STRIP = NO;
				DEBUG_INFORMATION_FORMAT = dwarf;
				ENABLE_STRICT_OBJC_MSGSEND = YES;
				ENABLE_TESTABILITY = YES;
				GCC_C_LANGUAGE_STANDARD = gnu11;
				GCC_DYNAMIC_NO_PIC = NO;
				GCC_NO_COMMON_BLOCKS = YES;
				GCC_OPTIMIZATION_LEVEL = 0;
				GCC_PREPROCESSOR_DEFINITIONS = (
					"DEBUG=1",
					"$(inherited)",
				);
				GCC_WARN_64_TO_32_BIT_CONVERSION = YES;
				GCC_WARN_ABOUT_RETURN_TYPE = YES_ERROR;
				GCC_WARN_UNDECLARED_SELECTOR = YES;
				GCC_WARN_UNINITIALIZED_AUTOS = YES_AGGRESSIVE;
				GCC_WARN_UNUSED_FUNCTION = YES;
				GCC_WARN_UNUSED_VARIABLE = YES;
				IPHONEOS_DEPLOYMENT_TARGET = 13.2;
				MTL_ENABLE_DEBUG_INFO = INCLUDE_SOURCE;
				MTL_FAST_MATH = YES;
				ONLY_ACTIVE_ARCH = YES;
				SDKROOT = iphoneos;
				SWIFT_ACTIVE_COMPILATION_CONDITIONS = DEBUG;
				SWIFT_OPTIMIZATION_LEVEL = "-Onone";
			};
			name = Debug;
		};
		897E10DC23B5CB9B00981A18 /* Release */ = {
			isa = XCBuildConfiguration;
			buildSettings = {
				ALWAYS_SEARCH_USER_PATHS = NO;
				CLANG_ANALYZER_NONNULL = YES;
				CLANG_ANALYZER_NUMBER_OBJECT_CONVERSION = YES_AGGRESSIVE;
				CLANG_CXX_LANGUAGE_STANDARD = "gnu++14";
				CLANG_CXX_LIBRARY = "libc++";
				CLANG_ENABLE_MODULES = YES;
				CLANG_ENABLE_OBJC_ARC = YES;
				CLANG_ENABLE_OBJC_WEAK = YES;
				CLANG_WARN_BLOCK_CAPTURE_AUTORELEASING = YES;
				CLANG_WARN_BOOL_CONVERSION = YES;
				CLANG_WARN_COMMA = YES;
				CLANG_WARN_CONSTANT_CONVERSION = YES;
				CLANG_WARN_DEPRECATED_OBJC_IMPLEMENTATIONS = YES;
				CLANG_WARN_DIRECT_OBJC_ISA_USAGE = YES_ERROR;
				CLANG_WARN_DOCUMENTATION_COMMENTS = YES;
				CLANG_WARN_EMPTY_BODY = YES;
				CLANG_WARN_ENUM_CONVERSION = YES;
				CLANG_WARN_INFINITE_RECURSION = YES;
				CLANG_WARN_INT_CONVERSION = YES;
				CLANG_WARN_NON_LITERAL_NULL_CONVERSION = YES;
				CLANG_WARN_OBJC_IMPLICIT_RETAIN_SELF = YES;
				CLANG_WARN_OBJC_LITERAL_CONVERSION = YES;
				CLANG_WARN_OBJC_ROOT_CLASS = YES_ERROR;
				CLANG_WARN_RANGE_LOOP_ANALYSIS = YES;
				CLANG_WARN_STRICT_PROTOTYPES = YES;
				CLANG_WARN_SUSPICIOUS_MOVE = YES;
				CLANG_WARN_UNGUARDED_AVAILABILITY = YES_AGGRESSIVE;
				CLANG_WARN_UNREACHABLE_CODE = YES;
				CLANG_WARN__DUPLICATE_METHOD_MATCH = YES;
				COPY_PHASE_STRIP = NO;
				DEBUG_INFORMATION_FORMAT = "dwarf-with-dsym";
				ENABLE_NS_ASSERTIONS = NO;
				ENABLE_STRICT_OBJC_MSGSEND = YES;
				GCC_C_LANGUAGE_STANDARD = gnu11;
				GCC_NO_COMMON_BLOCKS = YES;
				GCC_WARN_64_TO_32_BIT_CONVERSION = YES;
				GCC_WARN_ABOUT_RETURN_TYPE = YES_ERROR;
				GCC_WARN_UNDECLARED_SELECTOR = YES;
				GCC_WARN_UNINITIALIZED_AUTOS = YES_AGGRESSIVE;
				GCC_WARN_UNUSED_FUNCTION = YES;
				GCC_WARN_UNUSED_VARIABLE = YES;
				IPHONEOS_DEPLOYMENT_TARGET = 13.2;
				MTL_ENABLE_DEBUG_INFO = NO;
				MTL_FAST_MATH = YES;
				SDKROOT = iphoneos;
				SWIFT_COMPILATION_MODE = wholemodule;
				SWIFT_OPTIMIZATION_LEVEL = "-O";
				VALIDATE_PRODUCT = YES;
			};
			name = Release;
		};
		897E10DE23B5CB9B00981A18 /* Debug */ = {
			isa = XCBuildConfiguration;
			baseConfigurationReference = E76BE5EFBACAA7FC8502C944 /* Pods-PokemonClassifer.debug.xcconfig */;
			buildSettings = {
				ASSETCATALOG_COMPILER_APPICON_NAME = AppIcon;
				CODE_SIGN_ENTITLEMENTS = PokemonClassifer/PokemonClassifer.entitlements;
				CODE_SIGN_STYLE = Automatic;
				DERIVE_MACCATALYST_PRODUCT_BUNDLE_IDENTIFIER = YES;
				DEVELOPMENT_TEAM = 3B6T4CBYFQ;
				INFOPLIST_FILE = PokemonClassifer/Info.plist;
				LD_RUNPATH_SEARCH_PATHS = (
					"$(inherited)",
					"@executable_path/Frameworks",
				);
				PRODUCT_BUNDLE_IDENTIFIER = com.joshuayang.PokemonClassifer;
				PRODUCT_NAME = "$(TARGET_NAME)";
				SUPPORTS_MACCATALYST = YES;
				SWIFT_VERSION = 5.0;
				TARGETED_DEVICE_FAMILY = "1,2";
			};
			name = Debug;
		};
		897E10DF23B5CB9B00981A18 /* Release */ = {
			isa = XCBuildConfiguration;
			baseConfigurationReference = 0825A91685D3D9F48D19E734 /* Pods-PokemonClassifer.release.xcconfig */;
			buildSettings = {
				ASSETCATALOG_COMPILER_APPICON_NAME = AppIcon;
				CODE_SIGN_ENTITLEMENTS = PokemonClassifer/PokemonClassifer.entitlements;
				CODE_SIGN_STYLE = Automatic;
				DERIVE_MACCATALYST_PRODUCT_BUNDLE_IDENTIFIER = YES;
				DEVELOPMENT_TEAM = 3B6T4CBYFQ;
				INFOPLIST_FILE = PokemonClassifer/Info.plist;
				LD_RUNPATH_SEARCH_PATHS = (
					"$(inherited)",
					"@executable_path/Frameworks",
				);
				PRODUCT_BUNDLE_IDENTIFIER = com.joshuayang.PokemonClassifer;
				PRODUCT_NAME = "$(TARGET_NAME)";
				SUPPORTS_MACCATALYST = YES;
				SWIFT_VERSION = 5.0;
				TARGETED_DEVICE_FAMILY = "1,2";
			};
			name = Release;
		};
/* End XCBuildConfiguration section */

/* Begin XCConfigurationList section */
		897E10C423B5CB9A00981A18 /* Build configuration list for PBXProject "PokemonClassifer" */ = {
			isa = XCConfigurationList;
			buildConfigurations = (
				897E10DB23B5CB9B00981A18 /* Debug */,
				897E10DC23B5CB9B00981A18 /* Release */,
			);
			defaultConfigurationIsVisible = 0;
			defaultConfigurationName = Release;
		};
		897E10DD23B5CB9B00981A18 /* Build configuration list for PBXNativeTarget "PokemonClassifer" */ = {
			isa = XCConfigurationList;
			buildConfigurations = (
				897E10DE23B5CB9B00981A18 /* Debug */,
				897E10DF23B5CB9B00981A18 /* Release */,
			);
			defaultConfigurationIsVisible = 0;
			defaultConfigurationName = Release;
		};
/* End XCConfigurationList section */
	};
	rootObject = 897E10C123B5CB9A00981A18 /* Project object */;
}
